
Microsoft Visual Studio Solution File, Format Version 12.00
# Visual Studio Version 17
VisualStudioVersion = 17.7.34009.444
MinimumVisualStudioVersion = 10.0.40219.1
Project("{FAE04EC0-301F-11D3-BF4B-00C04F79EFBC}") = "RestaurantDDD.API", "RestaurantDDD.API.csproj", "{7A98BFE9-112D-4648-8228-5C5F8A0315DC}"
EndProject
Project("{FAE04EC0-301F-11D3-BF4B-00C04F79EFBC}") = "RestaurantDDD.Contracts", "..\RestaurantDDD.Contracts\RestaurantDDD.Contracts.csproj", "{543870B4-E8D3-49E9-9E00-78F2FCA23AA4}"
EndProject
Project("{FAE04EC0-301F-11D3-BF4B-00C04F79EFBC}") = "RestaurantDDD.Application", "..\RestaurantDDD.Application\RestaurantDDD.Application.csproj", "{212552CD-7969-42AA-BFD4-441CA41FD9BB}"
EndProject
Project("{FAE04EC0-301F-11D3-BF4B-00C04F79EFBC}") = "RestaurantDDD.Infrastructure", "..\RestaurantDDD.Infrastructure\RestaurantDDD.Infrastructure.csproj", "{0FE7932E-F4D9-4481-9A57-3063717CAF5A}"
EndProject
Project("{FAE04EC0-301F-11D3-BF4B-00C04F79EFBC}") = "RestaurantDDD.Domain", "..\RestaurantDDD.Domain\RestaurantDDD.Domain.csproj", "{7549D6C3-61EA-40D7-922D-F7C295F3992E}"
EndProject
Global
	GlobalSection(SolutionConfigurationPlatforms) = preSolution
		Debug|Any CPU = Debug|Any CPU
		Release|Any CPU = Release|Any CPU
	EndGlobalSection
	GlobalSection(ProjectConfigurationPlatforms) = postSolution
		{7A98BFE9-112D-4648-8228-5C5F8A0315DC}.Debug|Any CPU.ActiveCfg = Debug|Any CPU
		{7A98BFE9-112D-4648-8228-5C5F8A0315DC}.Debug|Any CPU.Build.0 = Debug|Any CPU
		{7A98BFE9-112D-4648-8228-5C5F8A0315DC}.Release|Any CPU.ActiveCfg = Release|Any CPU
		{7A98BFE9-112D-4648-8228-5C5F8A0315DC}.Release|Any CPU.Build.0 = Release|Any CPU
		{543870B4-E8D3-49E9-9E00-78F2FCA23AA4}.Debug|Any CPU.ActiveCfg = Debug|Any CPU
		{543870B4-E8D3-49E9-9E00-78F2FCA23AA4}.Debug|Any CPU.Build.0 = Debug|Any CPU
		{543870B4-E8D3-49E9-9E00-78F2FCA23AA4}.Release|Any CPU.ActiveCfg = Release|Any CPU
		{543870B4-E8D3-49E9-9E00-78F2FCA23AA4}.Release|Any CPU.Build.0 = Release|Any CPU
		{212552CD-7969-42AA-BFD4-441CA41FD9BB}.Debug|Any CPU.ActiveCfg = Debug|Any CPU
		{212552CD-7969-42AA-BFD4-441CA41FD9BB}.Debug|Any CPU.Build.0 = Debug|Any CPU
		{212552CD-7969-42AA-BFD4-441CA41FD9BB}.Release|Any CPU.ActiveCfg = Release|Any CPU
		{212552CD-7969-42AA-BFD4-441CA41FD9BB}.Release|Any CPU.Build.0 = Release|Any CPU
		{0FE7932E-F4D9-4481-9A57-3063717CAF5A}.Debug|Any CPU.ActiveCfg = Debug|Any CPU
		{0FE7932E-F4D9-4481-9A57-3063717CAF5A}.Debug|Any CPU.Build.0 = Debug|Any CPU
		{0FE7932E-F4D9-4481-9A57-3063717CAF5A}.Release|Any CPU.ActiveCfg = Release|Any CPU
		{0FE7932E-F4D9-4481-9A57-3063717CAF5A}.Release|Any CPU.Build.0 = Release|Any CPU
		{7549D6C3-61EA-40D7-922D-F7C295F3992E}.Debug|Any CPU.ActiveCfg = Debug|Any CPU
		{7549D6C3-61EA-40D7-922D-F7C295F3992E}.Debug|Any CPU.Build.0 = Debug|Any CPU
		{7549D6C3-61EA-40D7-922D-F7C295F3992E}.Release|Any CPU.ActiveCfg = Release|Any CPU
		{7549D6C3-61EA-40D7-922D-F7C295F3992E}.Release|Any CPU.Build.0 = Release|Any CPU
	EndGlobalSection
	GlobalSection(SolutionProperties) = preSolution
		HideSolutionNode = FALSE
	EndGlobalSection
	GlobalSection(ExtensibilityGlobals) = postSolution
		SolutionGuid = {76217808-0368-4CBD-934E-9763AF1E74BF}
	EndGlobalSection
EndGlobal
